
Microsoft Visual Studio Solution File, Format Version 12.00
# Visual Studio Version 17
VisualStudioVersion = 17.6.33723.286
MinimumVisualStudioVersion = 10.0.40219.1
Project("{FAE04EC0-301F-11D3-BF4B-00C04F79EFBC}") = "TrelloAPI", "TrelloAPI\TrelloAPI.csproj", "{8361A7E3-4EE3-4BAA-BB07-E3F67F027E18}"
EndProject
Global
	GlobalSection(SolutionConfigurationPlatforms) = preSolution
		Debug|Any CPU = Debug|Any CPU
		Release|Any CPU = Release|Any CPU
	EndGlobalSection
	GlobalSection(ProjectConfigurationPlatforms) = postSolution
		{8361A7E3-4EE3-4BAA-BB07-E3F67F027E18}.Debug|Any CPU.ActiveCfg = Debug|Any CPU
		{8361A7E3-4EE3-4BAA-BB07-E3F67F027E18}.Debug|Any CPU.Build.0 = Debug|Any CPU
		{8361A7E3-4EE3-4BAA-BB07-E3F67F027E18}.Release|Any CPU.ActiveCfg = Release|Any CPU
		{8361A7E3-4EE3-4BAA-BB07-E3F67F027E18}.Release|Any CPU.Build.0 = Release|Any CPU
	EndGlobalSection
	GlobalSection(SolutionProperties) = preSolution
		HideSolutionNode = FALSE
	EndGlobalSection
	GlobalSection(ExtensibilityGlobals) = postSolution
		SolutionGuid = {097D8121-3440-47C5-9344-C05E1C917296}
	EndGlobalSection
EndGlobal
